
Microsoft Visual Studio Solution File, Format Version 12.00
# Visual Studio Version 17
VisualStudioVersion = 17.7.34031.279
MinimumVisualStudioVersion = 10.0.40219.1
Project("{FAE04EC0-301F-11D3-BF4B-00C04F79EFBC}") = "Trgovina", "Trgovina\Trgovina.csproj", "{522B0B93-D4CF-46BB-8BF4-997759598DAA}"
EndProject
Project("{FAE04EC0-301F-11D3-BF4B-00C04F79EFBC}") = "Burza", "Burza\Burza.csproj", "{809D09DF-74C4-4513-98A5-CDE62ED00E7E}"
EndProject
Global
	GlobalSection(SolutionConfigurationPlatforms) = preSolution
		Debug|Any CPU = Debug|Any CPU
		Release|Any CPU = Release|Any CPU
	EndGlobalSection
	GlobalSection(ProjectConfigurationPlatforms) = postSolution
		{522B0B93-D4CF-46BB-8BF4-997759598DAA}.Debug|Any CPU.ActiveCfg = Debug|Any CPU
		{522B0B93-D4CF-46BB-8BF4-997759598DAA}.Debug|Any CPU.Build.0 = Debug|Any CPU
		{522B0B93-D4CF-46BB-8BF4-997759598DAA}.Release|Any CPU.ActiveCfg = Release|Any CPU
		{522B0B93-D4CF-46BB-8BF4-997759598DAA}.Release|Any CPU.Build.0 = Release|Any CPU
		{809D09DF-74C4-4513-98A5-CDE62ED00E7E}.Debug|Any CPU.ActiveCfg = Debug|Any CPU
		{809D09DF-74C4-4513-98A5-CDE62ED00E7E}.Debug|Any CPU.Build.0 = Debug|Any CPU
		{809D09DF-74C4-4513-98A5-CDE62ED00E7E}.Release|Any CPU.ActiveCfg = Release|Any CPU
		{809D09DF-74C4-4513-98A5-CDE62ED00E7E}.Release|Any CPU.Build.0 = Release|Any CPU
	EndGlobalSection
	GlobalSection(SolutionProperties) = preSolution
		HideSolutionNode = FALSE
	EndGlobalSection
	GlobalSection(ExtensibilityGlobals) = postSolution
		SolutionGuid = {FF634853-31C4-4E14-B2F0-FCE99C92E052}
	EndGlobalSection
EndGlobal
